
Microsoft Visual Studio Solution File, Format Version 12.00
# Visual Studio Version 16
VisualStudioVersion = 16.0.30804.86
MinimumVisualStudioVersion = 10.0.40219.1
Project("{9A19103F-16F7-4668-BE54-9A1E7A4F7556}") = "Lesson1", "Lesson1\Lesson1.csproj", "{B60A22F6-E0A3-431E-AB2A-8075D0EDEA9A}"
EndProject
Project("{2150E333-8FDC-42A3-9474-1A3956D46DE8}") = "Solution Items", "Solution Items", "{576C919F-11E8-4F83-942E-AB3D12623DA4}"
	ProjectSection(SolutionItems) = preProject
		.editorconfig = .editorconfig
		Match.cs = Match.cs
		Table.cs = Table.cs
		TestingArguments.cs = TestingArguments.cs
		TypesChanged.cs = TypesChanged.cs
		useVoid.cs = useVoid.cs
	EndProjectSection
EndProject
Global
	GlobalSection(SolutionConfigurationPlatforms) = preSolution
		Debug|Any CPU = Debug|Any CPU
		Release|Any CPU = Release|Any CPU
	EndGlobalSection
	GlobalSection(ProjectConfigurationPlatforms) = postSolution
		{B60A22F6-E0A3-431E-AB2A-8075D0EDEA9A}.Debug|Any CPU.ActiveCfg = Debug|Any CPU
		{B60A22F6-E0A3-431E-AB2A-8075D0EDEA9A}.Debug|Any CPU.Build.0 = Debug|Any CPU
		{B60A22F6-E0A3-431E-AB2A-8075D0EDEA9A}.Release|Any CPU.ActiveCfg = Release|Any CPU
		{B60A22F6-E0A3-431E-AB2A-8075D0EDEA9A}.Release|Any CPU.Build.0 = Release|Any CPU
	EndGlobalSection
	GlobalSection(SolutionProperties) = preSolution
		HideSolutionNode = FALSE
	EndGlobalSection
	GlobalSection(ExtensibilityGlobals) = postSolution
		SolutionGuid = {DE164D54-6BD5-4AF8-B4B2-E77EA42576A7}
	EndGlobalSection
EndGlobal
